// !$*UTF8*$!
{
	archiveVersion = 1;
	classes = {
	};
	objectVersion = 48;
	objects = {

/* Begin PBXBuildFile section */
		0C84D878A3B18A5B6758D922 /* Pods_Appella_Health.framework in Frameworks */ = {isa = PBXBuildFile; fileRef = 35E45EFF904329191EEE1F0A /* Pods_Appella_Health.framework */; };
		45094C242076C2AF00CBD73B /* NotificationService.swift in Sources */ = {isa = PBXBuildFile; fileRef = 45094C232076C2AF00CBD73B /* NotificationService.swift */; };
		45094C282076C2AF00CBD73B /* OneSignalNotificationServiceExtension.appex in Embed App Extensions */ = {isa = PBXBuildFile; fileRef = 45094C212076C2AF00CBD73B /* OneSignalNotificationServiceExtension.appex */; settings = {ATTRIBUTES = (RemoveHeadersOnCopy, ); }; };
		45094C2E2076CAA200CBD73B /* ErrorHandler.swift in Sources */ = {isa = PBXBuildFile; fileRef = 45094C2D2076CAA200CBD73B /* ErrorHandler.swift */; };
		45094C312076CC1400CBD73B /* InvalidToken.swift in Sources */ = {isa = PBXBuildFile; fileRef = 45094C302076CC1400CBD73B /* InvalidToken.swift */; };
		45094C332076D11800CBD73B /* Logout.swift in Sources */ = {isa = PBXBuildFile; fileRef = 45094C322076D11800CBD73B /* Logout.swift */; };
		4520FA56206A5924006FF6A4 /* Register.storyboard in Resources */ = {isa = PBXBuildFile; fileRef = 4520FA55206A5924006FF6A4 /* Register.storyboard */; };
		4520FA59206A596A006FF6A4 /* RegisterViewController.swift in Sources */ = {isa = PBXBuildFile; fileRef = 4520FA58206A596A006FF6A4 /* RegisterViewController.swift */; };
		4520FA5C206A5D3F006FF6A4 /* AppellaHealthColors.swift in Sources */ = {isa = PBXBuildFile; fileRef = 4520FA5B206A5D3F006FF6A4 /* AppellaHealthColors.swift */; };
		4520FA5E206A74CC006FF6A4 /* RegisterKitchen.swift in Sources */ = {isa = PBXBuildFile; fileRef = 4520FA5D206A74CC006FF6A4 /* RegisterKitchen.swift */; };
		4520FA60206A804E006FF6A4 /* ForgotPassword.storyboard in Resources */ = {isa = PBXBuildFile; fileRef = 4520FA5F206A804E006FF6A4 /* ForgotPassword.storyboard */; };
		4520FA63206A81FC006FF6A4 /* ForgotPasswordViewController.swift in Sources */ = {isa = PBXBuildFile; fileRef = 4520FA62206A81FC006FF6A4 /* ForgotPasswordViewController.swift */; };
		4520FA65206A8257006FF6A4 /* BlueNavigationBar.swift in Sources */ = {isa = PBXBuildFile; fileRef = 4520FA64206A8257006FF6A4 /* BlueNavigationBar.swift */; };
		4520FA67206A85CB006FF6A4 /* ForgotPasswordKitchen.swift in Sources */ = {isa = PBXBuildFile; fileRef = 4520FA66206A85CB006FF6A4 /* ForgotPasswordKitchen.swift */; };
		452EB43B206D899A000EFD96 /* MainView.swift in Sources */ = {isa = PBXBuildFile; fileRef = 452EB43A206D899A000EFD96 /* MainView.swift */; };
		452EB43D206D8D59000EFD96 /* MainViewState.swift in Sources */ = {isa = PBXBuildFile; fileRef = 452EB43C206D8D59000EFD96 /* MainViewState.swift */; };
		452EB440206D8D9B000EFD96 /* MainViewStateFactory.swift in Sources */ = {isa = PBXBuildFile; fileRef = 452EB43F206D8D9B000EFD96 /* MainViewStateFactory.swift */; };
		452EB442206D8E94000EFD96 /* ArticleViewModel.swift in Sources */ = {isa = PBXBuildFile; fileRef = 452EB441206D8E94000EFD96 /* ArticleViewModel.swift */; };
		452EB4442070465A000EFD96 /* AppellaHealthDateFormatter.swift in Sources */ = {isa = PBXBuildFile; fileRef = 452EB4432070465A000EFD96 /* AppellaHealthDateFormatter.swift */; };
		452EB4472070F8D7000EFD96 /* ArticleViewController.swift in Sources */ = {isa = PBXBuildFile; fileRef = 452EB4462070F8D7000EFD96 /* ArticleViewController.swift */; };
		452EB4492070F904000EFD96 /* ArticleKitchen.swift in Sources */ = {isa = PBXBuildFile; fileRef = 452EB4482070F904000EFD96 /* ArticleKitchen.swift */; };
		452EB44B207106EB000EFD96 /* ArticleViewStateFactory.swift in Sources */ = {isa = PBXBuildFile; fileRef = 452EB44A207106EB000EFD96 /* ArticleViewStateFactory.swift */; };
		452EB44E2071072B000EFD96 /* ArticleViewState.swift in Sources */ = {isa = PBXBuildFile; fileRef = 452EB44D2071072B000EFD96 /* ArticleViewState.swift */; };
		452EB45020712DF7000EFD96 /* Article.storyboard in Resources */ = {isa = PBXBuildFile; fileRef = 452EB44F20712DF7000EFD96 /* Article.storyboard */; };
		452EB45220712E15000EFD96 /* ArticleView.swift in Sources */ = {isa = PBXBuildFile; fileRef = 452EB45120712E15000EFD96 /* ArticleView.swift */; };
		452EB4592071366A000EFD96 /* ArticleSectionHeader.swift in Sources */ = {isa = PBXBuildFile; fileRef = 452EB4572071366A000EFD96 /* ArticleSectionHeader.swift */; };
		452EB45A2071366A000EFD96 /* ArticleSectionHeader.xib in Resources */ = {isa = PBXBuildFile; fileRef = 452EB4582071366A000EFD96 /* ArticleSectionHeader.xib */; };
		452EB45D20718072000EFD96 /* Gallery.storyboard in Resources */ = {isa = PBXBuildFile; fileRef = 452EB45C20718072000EFD96 /* Gallery.storyboard */; };
		452EB460207180D2000EFD96 /* GalleryViewController.swift in Sources */ = {isa = PBXBuildFile; fileRef = 452EB45F207180D2000EFD96 /* GalleryViewController.swift */; };
		452EB46320718102000EFD96 /* GalleryView.swift in Sources */ = {isa = PBXBuildFile; fileRef = 452EB46220718102000EFD96 /* GalleryView.swift */; };
		452EB46520721CBB000EFD96 /* GalleryViewState.swift in Sources */ = {isa = PBXBuildFile; fileRef = 452EB46420721CBB000EFD96 /* GalleryViewState.swift */; };
		452EB46920721D81000EFD96 /* GalleryViewCollectionViewCell.swift in Sources */ = {isa = PBXBuildFile; fileRef = 452EB46720721D81000EFD96 /* GalleryViewCollectionViewCell.swift */; };
		452EB46A20721D81000EFD96 /* GalleryViewCollectionViewCell.xib in Resources */ = {isa = PBXBuildFile; fileRef = 452EB46820721D81000EFD96 /* GalleryViewCollectionViewCell.xib */; };
		452EB46C2072257F000EFD96 /* GalleryKitchen.swift in Sources */ = {isa = PBXBuildFile; fileRef = 452EB46B2072257F000EFD96 /* GalleryKitchen.swift */; };
		452EB46E2072264C000EFD96 /* GalleryViewStateFactory.swift in Sources */ = {isa = PBXBuildFile; fileRef = 452EB46D2072264C000EFD96 /* GalleryViewStateFactory.swift */; };
		452EB470207263C6000EFD96 /* Photo.storyboard in Resources */ = {isa = PBXBuildFile; fileRef = 452EB46F207263C6000EFD96 /* Photo.storyboard */; };
		452EB473207265F9000EFD96 /* PhotoViewController.swift in Sources */ = {isa = PBXBuildFile; fileRef = 452EB472207265F9000EFD96 /* PhotoViewController.swift */; };
		456EE3472072D1760088D8A9 /* ArticleMainTableViewCell.swift in Sources */ = {isa = PBXBuildFile; fileRef = 456EE3452072D1760088D8A9 /* ArticleMainTableViewCell.swift */; };
		456EE3482072D1760088D8A9 /* ArticleMainTableViewCell.xib in Resources */ = {isa = PBXBuildFile; fileRef = 456EE3462072D1760088D8A9 /* ArticleMainTableViewCell.xib */; };
		456EE34A20738B8C0088D8A9 /* UserInfo.swift in Sources */ = {isa = PBXBuildFile; fileRef = 456EE34920738B8C0088D8A9 /* UserInfo.swift */; };
		456EE34D2073A6650088D8A9 /* ArticleConverter.swift in Sources */ = {isa = PBXBuildFile; fileRef = 456EE34C2073A6650088D8A9 /* ArticleConverter.swift */; };
		4576B32E206987EA00839269 /* MainAssembly.swift in Sources */ = {isa = PBXBuildFile; fileRef = 4576B32D206987EA00839269 /* MainAssembly.swift */; };
		4576B330206988C700839269 /* BaseViewController.swift in Sources */ = {isa = PBXBuildFile; fileRef = 4576B32F206988C700839269 /* BaseViewController.swift */; };
		4576B332206988FD00839269 /* LoginKitchen.swift in Sources */ = {isa = PBXBuildFile; fileRef = 4576B331206988FD00839269 /* LoginKitchen.swift */; };
		4576B3372069891500839269 /* Kitchen.swift in Sources */ = {isa = PBXBuildFile; fileRef = 4576B3332069891400839269 /* Kitchen.swift */; };
		4576B3382069891500839269 /* KitchenDelegate.swift in Sources */ = {isa = PBXBuildFile; fileRef = 4576B3342069891400839269 /* KitchenDelegate.swift */; };
		4576B3392069891500839269 /* Resolver+AppellaHealth.swift in Sources */ = {isa = PBXBuildFile; fileRef = 4576B3352069891400839269 /* Resolver+AppellaHealth.swift */; };
		4576B33A2069891500839269 /* Optional+AppellaHealth.swift in Sources */ = {isa = PBXBuildFile; fileRef = 4576B3362069891400839269 /* Optional+AppellaHealth.swift */; };
		4576B33C2069899D00839269 /* LoginViewState.swift in Sources */ = {isa = PBXBuildFile; fileRef = 4576B33B2069899D00839269 /* LoginViewState.swift */; };
		4576B33E20698AA900839269 /* AppContract.swift in Sources */ = {isa = PBXBuildFile; fileRef = 4576B33D20698AA900839269 /* AppContract.swift */; };
		4576B34220698C6800839269 /* AlamofireNetworkManager.swift in Sources */ = {isa = PBXBuildFile; fileRef = 4576B34120698C6800839269 /* AlamofireNetworkManager.swift */; };
		4576B345206992F300839269 /* User.swift in Sources */ = {isa = PBXBuildFile; fileRef = 4576B344206992F300839269 /* User.swift */; };
		4576B3472069979D00839269 /* AnyError.swift in Sources */ = {isa = PBXBuildFile; fileRef = 4576B3462069979D00839269 /* AnyError.swift */; };
		4576B34A20699AFB00839269 /* UserDefaults+Extensions.swift in Sources */ = {isa = PBXBuildFile; fileRef = 4576B34920699AFB00839269 /* UserDefaults+Extensions.swift */; };
		4576B34C2069A36A00839269 /* Response.swift in Sources */ = {isa = PBXBuildFile; fileRef = 4576B34B2069A36A00839269 /* Response.swift */; };
		4576B350206A378D00839269 /* UIView+Extensions.swift in Sources */ = {isa = PBXBuildFile; fileRef = 4576B34F206A378D00839269 /* UIView+Extensions.swift */; };
		4576B352206A388E00839269 /* localizable.strings in Resources */ = {isa = PBXBuildFile; fileRef = 4576B351206A388E00839269 /* localizable.strings */; };
		4576B357206A39F600839269 /* String+Extensions.swift in Sources */ = {isa = PBXBuildFile; fileRef = 4576B356206A39F600839269 /* String+Extensions.swift */; };
		458BBB6720697FAD00F32C99 /* AppDelegate.swift in Sources */ = {isa = PBXBuildFile; fileRef = 458BBB6620697FAD00F32C99 /* AppDelegate.swift */; };
		458BBB6E20697FAD00F32C99 /* Assets.xcassets in Resources */ = {isa = PBXBuildFile; fileRef = 458BBB6D20697FAD00F32C99 /* Assets.xcassets */; };
		458BBB7120697FAD00F32C99 /* LaunchScreen.storyboard in Resources */ = {isa = PBXBuildFile; fileRef = 458BBB6F20697FAD00F32C99 /* LaunchScreen.storyboard */; };
		458BBB7E2069800700F32C99 /* Login.storyboard in Resources */ = {isa = PBXBuildFile; fileRef = 458BBB7D2069800700F32C99 /* Login.storyboard */; };
		458BBB812069859200F32C99 /* LoginViewController.swift in Sources */ = {isa = PBXBuildFile; fileRef = 458BBB802069859200F32C99 /* LoginViewController.swift */; };
		458BBB832069862800F32C99 /* main.swift in Sources */ = {isa = PBXBuildFile; fileRef = 458BBB822069862800F32C99 /* main.swift */; };
		458BBB85206986DB00F32C99 /* AppellaHealthApplication.swift in Sources */ = {isa = PBXBuildFile; fileRef = 458BBB84206986DB00F32C99 /* AppellaHealthApplication.swift */; };
		459B1D26206ABC6900954B5B /* Main.storyboard in Resources */ = {isa = PBXBuildFile; fileRef = 459B1D25206ABC6900954B5B /* Main.storyboard */; };
		459B1D29206AC91900954B5B /* MainViewController.swift in Sources */ = {isa = PBXBuildFile; fileRef = 459B1D28206AC91900954B5B /* MainViewController.swift */; };
		459B1D2E206ACBAB00954B5B /* SideMenuViewController.swift in Sources */ = {isa = PBXBuildFile; fileRef = 459B1D2D206ACBAB00954B5B /* SideMenuViewController.swift */; };
		459B1D30206AD07D00954B5B /* ArticleCategory.swift in Sources */ = {isa = PBXBuildFile; fileRef = 459B1D2F206AD07D00954B5B /* ArticleCategory.swift */; };
		459B1D38206AD3F700954B5B /* SideMenuTableViewCell.swift in Sources */ = {isa = PBXBuildFile; fileRef = 459B1D36206AD3F700954B5B /* SideMenuTableViewCell.swift */; };
		459B1D39206AD3F700954B5B /* SideMenuTableViewCell.xib in Resources */ = {isa = PBXBuildFile; fileRef = 459B1D37206AD3F700954B5B /* SideMenuTableViewCell.xib */; };
		459B1D3D206B98C600954B5B /* SideMenuKitchen.swift in Sources */ = {isa = PBXBuildFile; fileRef = 459B1D3C206B98C600954B5B /* SideMenuKitchen.swift */; };
		459B1D3F206B9CC400954B5B /* MainKitchen.swift in Sources */ = {isa = PBXBuildFile; fileRef = 459B1D3E206B9CC400954B5B /* MainKitchen.swift */; };
		459B1D41206BAFE300954B5B /* Article.swift in Sources */ = {isa = PBXBuildFile; fileRef = 459B1D40206BAFE300954B5B /* Article.swift */; };
		459B1D46206BB2B400954B5B /* MainViewLargeTableViewCell.swift in Sources */ = {isa = PBXBuildFile; fileRef = 459B1D44206BB2B400954B5B /* MainViewLargeTableViewCell.swift */; };
		459B1D47206BB2B400954B5B /* MainViewLargeTableViewCell.xib in Resources */ = {isa = PBXBuildFile; fileRef = 459B1D45206BB2B400954B5B /* MainViewLargeTableViewCell.xib */; };
		459B1D4B206BB5B000954B5B /* MainViewSmallTableViewCell.swift in Sources */ = {isa = PBXBuildFile; fileRef = 459B1D49206BB5B000954B5B /* MainViewSmallTableViewCell.swift */; };
		459B1D4C206BB5B000954B5B /* MainViewSmallTableViewCell.xib in Resources */ = {isa = PBXBuildFile; fileRef = 459B1D4A206BB5B000954B5B /* MainViewSmallTableViewCell.xib */; };
		459B1D4F206BBB7800954B5B /* HelpDesk.storyboard in Resources */ = {isa = PBXBuildFile; fileRef = 459B1D4E206BBB7800954B5B /* HelpDesk.storyboard */; };
		459B1D52206BBC5500954B5B /* HelpDeskViewController.swift in Sources */ = {isa = PBXBuildFile; fileRef = 459B1D51206BBC5500954B5B /* HelpDeskViewController.swift */; };
		459B1D55206BC1C300954B5B /* PhoneCaller.swift in Sources */ = {isa = PBXBuildFile; fileRef = 459B1D54206BC1C300954B5B /* PhoneCaller.swift */; };
		459B1D57206BC96100954B5B /* UIStoryboard+Extensions.swift in Sources */ = {isa = PBXBuildFile; fileRef = 459B1D56206BC96100954B5B /* UIStoryboard+Extensions.swift */; };
		459B1D59206BD1C800954B5B /* RemoveBackButtonTitle.swift in Sources */ = {isa = PBXBuildFile; fileRef = 459B1D58206BD1C800954B5B /* RemoveBackButtonTitle.swift */; };
		459B1D5C206BD68300954B5B /* Account.storyboard in Resources */ = {isa = PBXBuildFile; fileRef = 459B1D5B206BD68300954B5B /* Account.storyboard */; };
		459B1D5E206BD6BA00954B5B /* AccountViewController.swift in Sources */ = {isa = PBXBuildFile; fileRef = 459B1D5D206BD6BA00954B5B /* AccountViewController.swift */; };
		459B1D62206BD88B00954B5B /* AccountTableViewCell.swift in Sources */ = {isa = PBXBuildFile; fileRef = 459B1D60206BD88B00954B5B /* AccountTableViewCell.swift */; };
		459B1D63206BD88B00954B5B /* AccountTableViewCell.xib in Resources */ = {isa = PBXBuildFile; fileRef = 459B1D61206BD88B00954B5B /* AccountTableViewCell.xib */; };
		459B1D65206BED5300954B5B /* AccountKitchen.swift in Sources */ = {isa = PBXBuildFile; fileRef = 459B1D64206BED5300954B5B /* AccountKitchen.swift */; };
		459B1D6B206C0A6400954B5B /* PrivacyPolicy.storyboard in Resources */ = {isa = PBXBuildFile; fileRef = 459B1D6A206C0A6400954B5B /* PrivacyPolicy.storyboard */; };
		459B1D6E206C0C7400954B5B /* PrivacyPolicyViewController.swift in Sources */ = {isa = PBXBuildFile; fileRef = 459B1D6D206C0C7400954B5B /* PrivacyPolicyViewController.swift */; };
		459B1D70206C0CA600954B5B /* PrivacyPolicyKitchen.swift in Sources */ = {isa = PBXBuildFile; fileRef = 459B1D6F206C0CA600954B5B /* PrivacyPolicyKitchen.swift */; };
		459B1D73206C12E700954B5B /* PrivacyPolicy.swift in Sources */ = {isa = PBXBuildFile; fileRef = 459B1D72206C12E700954B5B /* PrivacyPolicy.swift */; };
		459B1D75206C1A4200954B5B /* UINavigationBar+Extensions.swift in Sources */ = {isa = PBXBuildFile; fileRef = 459B1D74206C1A4200954B5B /* UINavigationBar+Extensions.swift */; };
		459B1D77206C1A8F00954B5B /* CAGradientLayer+Extensions.swift in Sources */ = {isa = PBXBuildFile; fileRef = 459B1D76206C1A8F00954B5B /* CAGradientLayer+Extensions.swift */; };
		459B1D79206C206400954B5B /* AddLabelToRightBarItem.swift in Sources */ = {isa = PBXBuildFile; fileRef = 459B1D78206C206400954B5B /* AddLabelToRightBarItem.swift */; };
		45BD370F2079F4F60031A978 /* DeviceInfo.swift in Sources */ = {isa = PBXBuildFile; fileRef = 45BD370E2079F4F60031A978 /* DeviceInfo.swift */; };
		56B03A3F81AE806C6202D5CC /* Pods_OneSignalNotificationServiceExtension.framework in Frameworks */ = {isa = PBXBuildFile; fileRef = 7EEED5A09BA954D095C6808B /* Pods_OneSignalNotificationServiceExtension.framework */; };
/* End PBXBuildFile section */

/* Begin PBXContainerItemProxy section */
		45094C262076C2AF00CBD73B /* PBXContainerItemProxy */ = {
			isa = PBXContainerItemProxy;
			containerPortal = 458BBB5B20697FAD00F32C99 /* Project object */;
			proxyType = 1;
			remoteGlobalIDString = 45094C202076C2AF00CBD73B;
			remoteInfo = OneSignalNotificationServiceExtension;
		};
/* End PBXContainerItemProxy section */

/* Begin PBXCopyFilesBuildPhase section */
		45094C2C2076C2AF00CBD73B /* Embed App Extensions */ = {
			isa = PBXCopyFilesBuildPhase;
			buildActionMask = 2147483647;
			dstPath = "";
			dstSubfolderSpec = 13;
			files = (
				45094C282076C2AF00CBD73B /* OneSignalNotificationServiceExtension.appex in Embed App Extensions */,
			);
			name = "Embed App Extensions";
			runOnlyForDeploymentPostprocessing = 0;
		};
/* End PBXCopyFilesBuildPhase section */

/* Begin PBXFileReference section */
		0835E132830C3DCE2BA88B13 /* Pods-Appella Health.release.xcconfig */ = {isa = PBXFileReference; includeInIndex = 1; lastKnownFileType = text.xcconfig; name = "Pods-Appella Health.release.xcconfig"; path = "Pods/Target Support Files/Pods-Appella Health/Pods-Appella Health.release.xcconfig"; sourceTree = "<group>"; };
		2C01169C63CE1C489F51AB9D /* Pods-Appella Health.debug.xcconfig */ = {isa = PBXFileReference; includeInIndex = 1; lastKnownFileType = text.xcconfig; name = "Pods-Appella Health.debug.xcconfig"; path = "Pods/Target Support Files/Pods-Appella Health/Pods-Appella Health.debug.xcconfig"; sourceTree = "<group>"; };
		35E45EFF904329191EEE1F0A /* Pods_Appella_Health.framework */ = {isa = PBXFileReference; explicitFileType = wrapper.framework; includeInIndex = 0; path = Pods_Appella_Health.framework; sourceTree = BUILT_PRODUCTS_DIR; };
		4080911E2078048300A26BC7 /* Appella Health.entitlements */ = {isa = PBXFileReference; lastKnownFileType = text.plist.entitlements; path = "Appella Health.entitlements"; sourceTree = "<group>"; };
		45094C212076C2AF00CBD73B /* OneSignalNotificationServiceExtension.appex */ = {isa = PBXFileReference; explicitFileType = "wrapper.app-extension"; includeInIndex = 0; path = OneSignalNotificationServiceExtension.appex; sourceTree = BUILT_PRODUCTS_DIR; };
		45094C232076C2AF00CBD73B /* NotificationService.swift */ = {isa = PBXFileReference; lastKnownFileType = sourcecode.swift; path = NotificationService.swift; sourceTree = "<group>"; };
		45094C252076C2AF00CBD73B /* Info.plist */ = {isa = PBXFileReference; lastKnownFileType = text.plist.xml; path = Info.plist; sourceTree = "<group>"; };
		45094C2D2076CAA200CBD73B /* ErrorHandler.swift */ = {isa = PBXFileReference; lastKnownFileType = sourcecode.swift; path = ErrorHandler.swift; sourceTree = "<group>"; };
		45094C302076CC1400CBD73B /* InvalidToken.swift */ = {isa = PBXFileReference; lastKnownFileType = sourcecode.swift; path = InvalidToken.swift; sourceTree = "<group>"; };
		45094C322076D11800CBD73B /* Logout.swift */ = {isa = PBXFileReference; lastKnownFileType = sourcecode.swift; path = Logout.swift; sourceTree = "<group>"; };
		4520FA55206A5924006FF6A4 /* Register.storyboard */ = {isa = PBXFileReference; lastKnownFileType = file.storyboard; path = Register.storyboard; sourceTree = "<group>"; };
		4520FA58206A596A006FF6A4 /* RegisterViewController.swift */ = {isa = PBXFileReference; lastKnownFileType = sourcecode.swift; path = RegisterViewController.swift; sourceTree = "<group>"; };
		4520FA5B206A5D3F006FF6A4 /* AppellaHealthColors.swift */ = {isa = PBXFileReference; lastKnownFileType = sourcecode.swift; path = AppellaHealthColors.swift; sourceTree = "<group>"; };
		4520FA5D206A74CC006FF6A4 /* RegisterKitchen.swift */ = {isa = PBXFileReference; lastKnownFileType = sourcecode.swift; path = RegisterKitchen.swift; sourceTree = "<group>"; };
		4520FA5F206A804E006FF6A4 /* ForgotPassword.storyboard */ = {isa = PBXFileReference; lastKnownFileType = file.storyboard; path = ForgotPassword.storyboard; sourceTree = "<group>"; };
		4520FA62206A81FC006FF6A4 /* ForgotPasswordViewController.swift */ = {isa = PBXFileReference; lastKnownFileType = sourcecode.swift; path = ForgotPasswordViewController.swift; sourceTree = "<group>"; };
		4520FA64206A8257006FF6A4 /* BlueNavigationBar.swift */ = {isa = PBXFileReference; lastKnownFileType = sourcecode.swift; path = BlueNavigationBar.swift; sourceTree = "<group>"; };
		4520FA66206A85CB006FF6A4 /* ForgotPasswordKitchen.swift */ = {isa = PBXFileReference; lastKnownFileType = sourcecode.swift; path = ForgotPasswordKitchen.swift; sourceTree = "<group>"; };
		452EB43A206D899A000EFD96 /* MainView.swift */ = {isa = PBXFileReference; lastKnownFileType = sourcecode.swift; path = MainView.swift; sourceTree = "<group>"; };
		452EB43C206D8D59000EFD96 /* MainViewState.swift */ = {isa = PBXFileReference; lastKnownFileType = sourcecode.swift; path = MainViewState.swift; sourceTree = "<group>"; };
		452EB43F206D8D9B000EFD96 /* MainViewStateFactory.swift */ = {isa = PBXFileReference; lastKnownFileType = sourcecode.swift; path = MainViewStateFactory.swift; sourceTree = "<group>"; };
		452EB441206D8E94000EFD96 /* ArticleViewModel.swift */ = {isa = PBXFileReference; lastKnownFileType = sourcecode.swift; path = ArticleViewModel.swift; sourceTree = "<group>"; };
		452EB4432070465A000EFD96 /* AppellaHealthDateFormatter.swift */ = {isa = PBXFileReference; lastKnownFileType = sourcecode.swift; path = AppellaHealthDateFormatter.swift; sourceTree = "<group>"; };
		452EB4462070F8D7000EFD96 /* ArticleViewController.swift */ = {isa = PBXFileReference; lastKnownFileType = sourcecode.swift; path = ArticleViewController.swift; sourceTree = "<group>"; };
		452EB4482070F904000EFD96 /* ArticleKitchen.swift */ = {isa = PBXFileReference; lastKnownFileType = sourcecode.swift; path = ArticleKitchen.swift; sourceTree = "<group>"; };
		452EB44A207106EB000EFD96 /* ArticleViewStateFactory.swift */ = {isa = PBXFileReference; lastKnownFileType = sourcecode.swift; path = ArticleViewStateFactory.swift; sourceTree = "<group>"; };
		452EB44D2071072B000EFD96 /* ArticleViewState.swift */ = {isa = PBXFileReference; lastKnownFileType = sourcecode.swift; path = ArticleViewState.swift; sourceTree = "<group>"; };
		452EB44F20712DF7000EFD96 /* Article.storyboard */ = {isa = PBXFileReference; lastKnownFileType = file.storyboard; path = Article.storyboard; sourceTree = "<group>"; };
		452EB45120712E15000EFD96 /* ArticleView.swift */ = {isa = PBXFileReference; lastKnownFileType = sourcecode.swift; path = ArticleView.swift; sourceTree = "<group>"; };
		452EB4572071366A000EFD96 /* ArticleSectionHeader.swift */ = {isa = PBXFileReference; lastKnownFileType = sourcecode.swift; path = ArticleSectionHeader.swift; sourceTree = "<group>"; };
		452EB4582071366A000EFD96 /* ArticleSectionHeader.xib */ = {isa = PBXFileReference; lastKnownFileType = file.xib; path = ArticleSectionHeader.xib; sourceTree = "<group>"; };
		452EB45C20718072000EFD96 /* Gallery.storyboard */ = {isa = PBXFileReference; lastKnownFileType = file.storyboard; path = Gallery.storyboard; sourceTree = "<group>"; };
		452EB45F207180D2000EFD96 /* GalleryViewController.swift */ = {isa = PBXFileReference; lastKnownFileType = sourcecode.swift; path = GalleryViewController.swift; sourceTree = "<group>"; };
		452EB46220718102000EFD96 /* GalleryView.swift */ = {isa = PBXFileReference; lastKnownFileType = sourcecode.swift; path = GalleryView.swift; sourceTree = "<group>"; };
		452EB46420721CBB000EFD96 /* GalleryViewState.swift */ = {isa = PBXFileReference; lastKnownFileType = sourcecode.swift; path = GalleryViewState.swift; sourceTree = "<group>"; };
		452EB46720721D81000EFD96 /* GalleryViewCollectionViewCell.swift */ = {isa = PBXFileReference; lastKnownFileType = sourcecode.swift; path = GalleryViewCollectionViewCell.swift; sourceTree = "<group>"; };
		452EB46820721D81000EFD96 /* GalleryViewCollectionViewCell.xib */ = {isa = PBXFileReference; lastKnownFileType = file.xib; path = GalleryViewCollectionViewCell.xib; sourceTree = "<group>"; };
		452EB46B2072257F000EFD96 /* GalleryKitchen.swift */ = {isa = PBXFileReference; lastKnownFileType = sourcecode.swift; path = GalleryKitchen.swift; sourceTree = "<group>"; };
		452EB46D2072264C000EFD96 /* GalleryViewStateFactory.swift */ = {isa = PBXFileReference; lastKnownFileType = sourcecode.swift; path = GalleryViewStateFactory.swift; sourceTree = "<group>"; };
		452EB46F207263C6000EFD96 /* Photo.storyboard */ = {isa = PBXFileReference; lastKnownFileType = file.storyboard; path = Photo.storyboard; sourceTree = "<group>"; };
		452EB472207265F9000EFD96 /* PhotoViewController.swift */ = {isa = PBXFileReference; lastKnownFileType = sourcecode.swift; path = PhotoViewController.swift; sourceTree = "<group>"; };
		456EE3452072D1760088D8A9 /* ArticleMainTableViewCell.swift */ = {isa = PBXFileReference; lastKnownFileType = sourcecode.swift; path = ArticleMainTableViewCell.swift; sourceTree = "<group>"; };
		456EE3462072D1760088D8A9 /* ArticleMainTableViewCell.xib */ = {isa = PBXFileReference; lastKnownFileType = file.xib; path = ArticleMainTableViewCell.xib; sourceTree = "<group>"; };
		456EE34920738B8C0088D8A9 /* UserInfo.swift */ = {isa = PBXFileReference; lastKnownFileType = sourcecode.swift; path = UserInfo.swift; sourceTree = "<group>"; };
		456EE34C2073A6650088D8A9 /* ArticleConverter.swift */ = {isa = PBXFileReference; lastKnownFileType = sourcecode.swift; path = ArticleConverter.swift; sourceTree = "<group>"; };
		4576B32D206987EA00839269 /* MainAssembly.swift */ = {isa = PBXFileReference; lastKnownFileType = sourcecode.swift; path = MainAssembly.swift; sourceTree = "<group>"; };
		4576B32F206988C700839269 /* BaseViewController.swift */ = {isa = PBXFileReference; lastKnownFileType = sourcecode.swift; path = BaseViewController.swift; sourceTree = "<group>"; };
		4576B331206988FD00839269 /* LoginKitchen.swift */ = {isa = PBXFileReference; lastKnownFileType = sourcecode.swift; path = LoginKitchen.swift; sourceTree = "<group>"; };
		4576B3332069891400839269 /* Kitchen.swift */ = {isa = PBXFileReference; fileEncoding = 4; lastKnownFileType = sourcecode.swift; path = Kitchen.swift; sourceTree = "<group>"; };
		4576B3342069891400839269 /* KitchenDelegate.swift */ = {isa = PBXFileReference; fileEncoding = 4; lastKnownFileType = sourcecode.swift; path = KitchenDelegate.swift; sourceTree = "<group>"; };
		4576B3352069891400839269 /* Resolver+AppellaHealth.swift */ = {isa = PBXFileReference; fileEncoding = 4; lastKnownFileType = sourcecode.swift; path = "Resolver+AppellaHealth.swift"; sourceTree = "<group>"; };
		4576B3362069891400839269 /* Optional+AppellaHealth.swift */ = {isa = PBXFileReference; fileEncoding = 4; lastKnownFileType = sourcecode.swift; path = "Optional+AppellaHealth.swift"; sourceTree = "<group>"; };
		4576B33B2069899D00839269 /* LoginViewState.swift */ = {isa = PBXFileReference; lastKnownFileType = sourcecode.swift; path = LoginViewState.swift; sourceTree = "<group>"; };
		4576B33D20698AA900839269 /* AppContract.swift */ = {isa = PBXFileReference; lastKnownFileType = sourcecode.swift; path = AppContract.swift; sourceTree = "<group>"; };
		4576B34120698C6800839269 /* AlamofireNetworkManager.swift */ = {isa = PBXFileReference; lastKnownFileType = sourcecode.swift; path = AlamofireNetworkManager.swift; sourceTree = "<group>"; };
		4576B344206992F300839269 /* User.swift */ = {isa = PBXFileReference; lastKnownFileType = sourcecode.swift; path = User.swift; sourceTree = "<group>"; };
		4576B3462069979D00839269 /* AnyError.swift */ = {isa = PBXFileReference; fileEncoding = 4; lastKnownFileType = sourcecode.swift; path = AnyError.swift; sourceTree = "<group>"; };
		4576B34920699AFB00839269 /* UserDefaults+Extensions.swift */ = {isa = PBXFileReference; lastKnownFileType = sourcecode.swift; path = "UserDefaults+Extensions.swift"; sourceTree = "<group>"; };
		4576B34B2069A36A00839269 /* Response.swift */ = {isa = PBXFileReference; lastKnownFileType = sourcecode.swift; path = Response.swift; sourceTree = "<group>"; };
		4576B34F206A378D00839269 /* UIView+Extensions.swift */ = {isa = PBXFileReference; lastKnownFileType = sourcecode.swift; path = "UIView+Extensions.swift"; sourceTree = "<group>"; };
		4576B351206A388E00839269 /* localizable.strings */ = {isa = PBXFileReference; lastKnownFileType = text.plist.strings; path = localizable.strings; sourceTree = "<group>"; };
		4576B356206A39F600839269 /* String+Extensions.swift */ = {isa = PBXFileReference; lastKnownFileType = sourcecode.swift; path = "String+Extensions.swift"; sourceTree = "<group>"; };
		458BBB6320697FAD00F32C99 /* Appella Health.app */ = {isa = PBXFileReference; explicitFileType = wrapper.application; includeInIndex = 0; path = "Appella Health.app"; sourceTree = BUILT_PRODUCTS_DIR; };
		458BBB6620697FAD00F32C99 /* AppDelegate.swift */ = {isa = PBXFileReference; lastKnownFileType = sourcecode.swift; path = AppDelegate.swift; sourceTree = "<group>"; };
		458BBB6D20697FAD00F32C99 /* Assets.xcassets */ = {isa = PBXFileReference; lastKnownFileType = folder.assetcatalog; path = Assets.xcassets; sourceTree = "<group>"; };
		458BBB7020697FAD00F32C99 /* Base */ = {isa = PBXFileReference; lastKnownFileType = file.storyboard; name = Base; path = Base.lproj/LaunchScreen.storyboard; sourceTree = "<group>"; };
		458BBB7220697FAD00F32C99 /* Info.plist */ = {isa = PBXFileReference; lastKnownFileType = text.plist.xml; path = Info.plist; sourceTree = "<group>"; };
		458BBB7D2069800700F32C99 /* Login.storyboard */ = {isa = PBXFileReference; lastKnownFileType = file.storyboard; path = Login.storyboard; sourceTree = "<group>"; };
		458BBB802069859200F32C99 /* LoginViewController.swift */ = {isa = PBXFileReference; lastKnownFileType = sourcecode.swift; path = LoginViewController.swift; sourceTree = "<group>"; };
		458BBB822069862800F32C99 /* main.swift */ = {isa = PBXFileReference; lastKnownFileType = sourcecode.swift; path = main.swift; sourceTree = "<group>"; };
		458BBB84206986DB00F32C99 /* AppellaHealthApplication.swift */ = {isa = PBXFileReference; lastKnownFileType = sourcecode.swift; path = AppellaHealthApplication.swift; sourceTree = "<group>"; };
		459B1D25206ABC6900954B5B /* Main.storyboard */ = {isa = PBXFileReference; lastKnownFileType = file.storyboard; path = Main.storyboard; sourceTree = "<group>"; };
		459B1D28206AC91900954B5B /* MainViewController.swift */ = {isa = PBXFileReference; lastKnownFileType = sourcecode.swift; path = MainViewController.swift; sourceTree = "<group>"; };
		459B1D2D206ACBAB00954B5B /* SideMenuViewController.swift */ = {isa = PBXFileReference; lastKnownFileType = sourcecode.swift; path = SideMenuViewController.swift; sourceTree = "<group>"; };
		459B1D2F206AD07D00954B5B /* ArticleCategory.swift */ = {isa = PBXFileReference; lastKnownFileType = sourcecode.swift; path = ArticleCategory.swift; sourceTree = "<group>"; };
		459B1D36206AD3F700954B5B /* SideMenuTableViewCell.swift */ = {isa = PBXFileReference; lastKnownFileType = sourcecode.swift; path = SideMenuTableViewCell.swift; sourceTree = "<group>"; };
		459B1D37206AD3F700954B5B /* SideMenuTableViewCell.xib */ = {isa = PBXFileReference; lastKnownFileType = file.xib; path = SideMenuTableViewCell.xib; sourceTree = "<group>"; };
		459B1D3C206B98C600954B5B /* SideMenuKitchen.swift */ = {isa = PBXFileReference; lastKnownFileType = sourcecode.swift; path = SideMenuKitchen.swift; sourceTree = "<group>"; };
		459B1D3E206B9CC400954B5B /* MainKitchen.swift */ = {isa = PBXFileReference; lastKnownFileType = sourcecode.swift; path = MainKitchen.swift; sourceTree = "<group>"; };
		459B1D40206BAFE300954B5B /* Article.swift */ = {isa = PBXFileReference; lastKnownFileType = sourcecode.swift; path = Article.swift; sourceTree = "<group>"; };
		459B1D44206BB2B400954B5B /* MainViewLargeTableViewCell.swift */ = {isa = PBXFileReference; lastKnownFileType = sourcecode.swift; path = MainViewLargeTableViewCell.swift; sourceTree = "<group>"; };
		459B1D45206BB2B400954B5B /* MainViewLargeTableViewCell.xib */ = {isa = PBXFileReference; lastKnownFileType = file.xib; path = MainViewLargeTableViewCell.xib; sourceTree = "<group>"; };
		459B1D49206BB5B000954B5B /* MainViewSmallTableViewCell.swift */ = {isa = PBXFileReference; lastKnownFileType = sourcecode.swift; path = MainViewSmallTableViewCell.swift; sourceTree = "<group>"; };
		459B1D4A206BB5B000954B5B /* MainViewSmallTableViewCell.xib */ = {isa = PBXFileReference; lastKnownFileType = file.xib; path = MainViewSmallTableViewCell.xib; sourceTree = "<group>"; };
		459B1D4E206BBB7800954B5B /* HelpDesk.storyboard */ = {isa = PBXFileReference; lastKnownFileType = file.storyboard; path = HelpDesk.storyboard; sourceTree = "<group>"; };
		459B1D51206BBC5500954B5B /* HelpDeskViewController.swift */ = {isa = PBXFileReference; lastKnownFileType = sourcecode.swift; path = HelpDeskViewController.swift; sourceTree = "<group>"; };
		459B1D54206BC1C300954B5B /* PhoneCaller.swift */ = {isa = PBXFileReference; lastKnownFileType = sourcecode.swift; path = PhoneCaller.swift; sourceTree = "<group>"; };
		459B1D56206BC96100954B5B /* UIStoryboard+Extensions.swift */ = {isa = PBXFileReference; lastKnownFileType = sourcecode.swift; path = "UIStoryboard+Extensions.swift"; sourceTree = "<group>"; };
		459B1D58206BD1C800954B5B /* RemoveBackButtonTitle.swift */ = {isa = PBXFileReference; lastKnownFileType = sourcecode.swift; path = RemoveBackButtonTitle.swift; sourceTree = "<group>"; };
		459B1D5B206BD68300954B5B /* Account.storyboard */ = {isa = PBXFileReference; lastKnownFileType = file.storyboard; path = Account.storyboard; sourceTree = "<group>"; };
		459B1D5D206BD6BA00954B5B /* AccountViewController.swift */ = {isa = PBXFileReference; lastKnownFileType = sourcecode.swift; path = AccountViewController.swift; sourceTree = "<group>"; };
		459B1D60206BD88B00954B5B /* AccountTableViewCell.swift */ = {isa = PBXFileReference; lastKnownFileType = sourcecode.swift; path = AccountTableViewCell.swift; sourceTree = "<group>"; };
		459B1D61206BD88B00954B5B /* AccountTableViewCell.xib */ = {isa = PBXFileReference; lastKnownFileType = file.xib; path = AccountTableViewCell.xib; sourceTree = "<group>"; };
		459B1D64206BED5300954B5B /* AccountKitchen.swift */ = {isa = PBXFileReference; lastKnownFileType = sourcecode.swift; path = AccountKitchen.swift; sourceTree = "<group>"; };
		459B1D6A206C0A6400954B5B /* PrivacyPolicy.storyboard */ = {isa = PBXFileReference; lastKnownFileType = file.storyboard; path = PrivacyPolicy.storyboard; sourceTree = "<group>"; };
		459B1D6D206C0C7400954B5B /* PrivacyPolicyViewController.swift */ = {isa = PBXFileReference; lastKnownFileType = sourcecode.swift; path = PrivacyPolicyViewController.swift; sourceTree = "<group>"; };
		459B1D6F206C0CA600954B5B /* PrivacyPolicyKitchen.swift */ = {isa = PBXFileReference; lastKnownFileType = sourcecode.swift; path = PrivacyPolicyKitchen.swift; sourceTree = "<group>"; };
		459B1D72206C12E700954B5B /* PrivacyPolicy.swift */ = {isa = PBXFileReference; lastKnownFileType = sourcecode.swift; path = PrivacyPolicy.swift; sourceTree = "<group>"; };
		459B1D74206C1A4200954B5B /* UINavigationBar+Extensions.swift */ = {isa = PBXFileReference; lastKnownFileType = sourcecode.swift; path = "UINavigationBar+Extensions.swift"; sourceTree = "<group>"; };
		459B1D76206C1A8F00954B5B /* CAGradientLayer+Extensions.swift */ = {isa = PBXFileReference; lastKnownFileType = sourcecode.swift; path = "CAGradientLayer+Extensions.swift"; sourceTree = "<group>"; };
		459B1D78206C206400954B5B /* AddLabelToRightBarItem.swift */ = {isa = PBXFileReference; lastKnownFileType = sourcecode.swift; path = AddLabelToRightBarItem.swift; sourceTree = "<group>"; };
		45BD370E2079F4F60031A978 /* DeviceInfo.swift */ = {isa = PBXFileReference; lastKnownFileType = sourcecode.swift; path = DeviceInfo.swift; sourceTree = "<group>"; };
		7EEED5A09BA954D095C6808B /* Pods_OneSignalNotificationServiceExtension.framework */ = {isa = PBXFileReference; explicitFileType = wrapper.framework; includeInIndex = 0; path = Pods_OneSignalNotificationServiceExtension.framework; sourceTree = BUILT_PRODUCTS_DIR; };
		AA65BFA0E6F502BA80AA4568 /* Pods-OneSignalNotificationServiceExtension.debug.xcconfig */ = {isa = PBXFileReference; includeInIndex = 1; lastKnownFileType = text.xcconfig; name = "Pods-OneSignalNotificationServiceExtension.debug.xcconfig"; path = "Pods/Target Support Files/Pods-OneSignalNotificationServiceExtension/Pods-OneSignalNotificationServiceExtension.debug.xcconfig"; sourceTree = "<group>"; };
		C78600428C3519BADE01DE62 /* Pods-OneSignalNotificationServiceExtension.release.xcconfig */ = {isa = PBXFileReference; includeInIndex = 1; lastKnownFileType = text.xcconfig; name = "Pods-OneSignalNotificationServiceExtension.release.xcconfig"; path = "Pods/Target Support Files/Pods-OneSignalNotificationServiceExtension/Pods-OneSignalNotificationServiceExtension.release.xcconfig"; sourceTree = "<group>"; };
/* End PBXFileReference section */

/* Begin PBXFrameworksBuildPhase section */
		45094C1E2076C2AF00CBD73B /* Frameworks */ = {
			isa = PBXFrameworksBuildPhase;
			buildActionMask = 2147483647;
			files = (
				56B03A3F81AE806C6202D5CC /* Pods_OneSignalNotificationServiceExtension.framework in Frameworks */,
			);
			runOnlyForDeploymentPostprocessing = 0;
		};
		458BBB6020697FAD00F32C99 /* Frameworks */ = {
			isa = PBXFrameworksBuildPhase;
			buildActionMask = 2147483647;
			files = (
				0C84D878A3B18A5B6758D922 /* Pods_Appella_Health.framework in Frameworks */,
			);
			runOnlyForDeploymentPostprocessing = 0;
		};
/* End PBXFrameworksBuildPhase section */

/* Begin PBXGroup section */
		45094C222076C2AF00CBD73B /* OneSignalNotificationServiceExtension */ = {
			isa = PBXGroup;
			children = (
				45094C232076C2AF00CBD73B /* NotificationService.swift */,
				45094C252076C2AF00CBD73B /* Info.plist */,
			);
			path = OneSignalNotificationServiceExtension;
			sourceTree = "<group>";
		};
		45094C2F2076CBF900CBD73B /* Errors */ = {
			isa = PBXGroup;
			children = (
				45094C2D2076CAA200CBD73B /* ErrorHandler.swift */,
				45094C302076CC1400CBD73B /* InvalidToken.swift */,
			);
			path = Errors;
			sourceTree = "<group>";
		};
		4520FA57206A5954006FF6A4 /* RegisterController */ = {
			isa = PBXGroup;
			children = (
				4520FA58206A596A006FF6A4 /* RegisterViewController.swift */,
				4520FA5D206A74CC006FF6A4 /* RegisterKitchen.swift */,
			);
			path = RegisterController;
			sourceTree = "<group>";
		};
		4520FA5A206A5D31006FF6A4 /* Style */ = {
			isa = PBXGroup;
			children = (
				4520FA5B206A5D3F006FF6A4 /* AppellaHealthColors.swift */,
				4520FA64206A8257006FF6A4 /* BlueNavigationBar.swift */,
				459B1D58206BD1C800954B5B /* RemoveBackButtonTitle.swift */,
				459B1D78206C206400954B5B /* AddLabelToRightBarItem.swift */,
			);
			path = Style;
			sourceTree = "<group>";
		};
		4520FA61206A81EA006FF6A4 /* ForgotPasswordController */ = {
			isa = PBXGroup;
			children = (
				4520FA62206A81FC006FF6A4 /* ForgotPasswordViewController.swift */,
				4520FA66206A85CB006FF6A4 /* ForgotPasswordKitchen.swift */,
			);
			path = ForgotPasswordController;
			sourceTree = "<group>";
		};
		452EB43E206D8D7B000EFD96 /* MainView */ = {
			isa = PBXGroup;
			children = (
				459B1D42206BB27C00954B5B /* MainControllerTableViewCells */,
				452EB43A206D899A000EFD96 /* MainView.swift */,
				452EB43C206D8D59000EFD96 /* MainViewState.swift */,
			);
			path = MainView;
			sourceTree = "<group>";
		};
		452EB4452070F8BC000EFD96 /* ArticleController */ = {
			isa = PBXGroup;
			children = (
				452EB44C2071071E000EFD96 /* ArticleView */,
				452EB4462070F8D7000EFD96 /* ArticleViewController.swift */,
				452EB4482070F904000EFD96 /* ArticleKitchen.swift */,
				452EB44A207106EB000EFD96 /* ArticleViewStateFactory.swift */,
			);
			path = ArticleController;
			sourceTree = "<group>";
		};
		452EB44C2071071E000EFD96 /* ArticleView */ = {
			isa = PBXGroup;
			children = (
				456EE3442072D1480088D8A9 /* ArticleMainTableViewCell */,
				452EB453207135AA000EFD96 /* ArticleTableViewSectionHeader */,
				452EB44D2071072B000EFD96 /* ArticleViewState.swift */,
				452EB45120712E15000EFD96 /* ArticleView.swift */,
			);
			path = ArticleView;
			sourceTree = "<group>";
		};
		452EB453207135AA000EFD96 /* ArticleTableViewSectionHeader */ = {
			isa = PBXGroup;
			children = (
				452EB4572071366A000EFD96 /* ArticleSectionHeader.swift */,
				452EB4582071366A000EFD96 /* ArticleSectionHeader.xib */,
			);
			path = ArticleTableViewSectionHeader;
			sourceTree = "<group>";
		};
		452EB45E207180BD000EFD96 /* GalleryController */ = {
			isa = PBXGroup;
			children = (
				452EB461207180F1000EFD96 /* GalleryView */,
				452EB45F207180D2000EFD96 /* GalleryViewController.swift */,
				452EB46B2072257F000EFD96 /* GalleryKitchen.swift */,
			);
			path = GalleryController;
			sourceTree = "<group>";
		};
		452EB461207180F1000EFD96 /* GalleryView */ = {
			isa = PBXGroup;
			children = (
				452EB46620721D66000EFD96 /* GalleryViewCollectionViewCell */,
				452EB46220718102000EFD96 /* GalleryView.swift */,
				452EB46420721CBB000EFD96 /* GalleryViewState.swift */,
				452EB46D2072264C000EFD96 /* GalleryViewStateFactory.swift */,
			);
			path = GalleryView;
			sourceTree = "<group>";
		};
		452EB46620721D66000EFD96 /* GalleryViewCollectionViewCell */ = {
			isa = PBXGroup;
			children = (
				452EB46720721D81000EFD96 /* GalleryViewCollectionViewCell.swift */,
				452EB46820721D81000EFD96 /* GalleryViewCollectionViewCell.xib */,
			);
			path = GalleryViewCollectionViewCell;
			sourceTree = "<group>";
		};
		452EB471207265D7000EFD96 /* PhotoController */ = {
			isa = PBXGroup;
			children = (
				452EB472207265F9000EFD96 /* PhotoViewController.swift */,
			);
			path = PhotoController;
			sourceTree = "<group>";
		};
		456EE3442072D1480088D8A9 /* ArticleMainTableViewCell */ = {
			isa = PBXGroup;
			children = (
				456EE3452072D1760088D8A9 /* ArticleMainTableViewCell.swift */,
				456EE3462072D1760088D8A9 /* ArticleMainTableViewCell.xib */,
			);
			path = ArticleMainTableViewCell;
			sourceTree = "<group>";
		};
		4576B32C206987DD00839269 /* Foundation */ = {
			isa = PBXGroup;
			children = (
				4576B3462069979D00839269 /* AnyError.swift */,
				4576B3332069891400839269 /* Kitchen.swift */,
				4576B3342069891400839269 /* KitchenDelegate.swift */,
				4576B3362069891400839269 /* Optional+AppellaHealth.swift */,
				4576B3352069891400839269 /* Resolver+AppellaHealth.swift */,
				4576B32F206988C700839269 /* BaseViewController.swift */,
			);
			path = Foundation;
			sourceTree = "<group>";
		};
		4576B33F20698AC700839269 /* AppContract */ = {
			isa = PBXGroup;
			children = (
				4576B33D20698AA900839269 /* AppContract.swift */,
				4576B32D206987EA00839269 /* MainAssembly.swift */,
			);
			path = AppContract;
			sourceTree = "<group>";
		};
		4576B34020698C5900839269 /* APILayer */ = {
			isa = PBXGroup;
			children = (
				4576B34120698C6800839269 /* AlamofireNetworkManager.swift */,
			);
			path = APILayer;
			sourceTree = "<group>";
		};
		4576B343206992E100839269 /* Models */ = {
			isa = PBXGroup;
			children = (
				4576B344206992F300839269 /* User.swift */,
				4576B34B2069A36A00839269 /* Response.swift */,
				459B1D2F206AD07D00954B5B /* ArticleCategory.swift */,
				459B1D40206BAFE300954B5B /* Article.swift */,
				459B1D72206C12E700954B5B /* PrivacyPolicy.swift */,
				452EB441206D8E94000EFD96 /* ArticleViewModel.swift */,
				456EE34920738B8C0088D8A9 /* UserInfo.swift */,
			);
			path = Models;
			sourceTree = "<group>";
		};
		4576B34820699AED00839269 /* Extensions */ = {
			isa = PBXGroup;
			children = (
				4576B34920699AFB00839269 /* UserDefaults+Extensions.swift */,
				4576B34F206A378D00839269 /* UIView+Extensions.swift */,
				4576B356206A39F600839269 /* String+Extensions.swift */,
				459B1D56206BC96100954B5B /* UIStoryboard+Extensions.swift */,
				459B1D74206C1A4200954B5B /* UINavigationBar+Extensions.swift */,
				459B1D76206C1A8F00954B5B /* CAGradientLayer+Extensions.swift */,
			);
			path = Extensions;
			sourceTree = "<group>";
		};
		458BBB5A20697FAD00F32C99 = {
			isa = PBXGroup;
			children = (
				458BBB6520697FAD00F32C99 /* Appella Health */,
				45094C222076C2AF00CBD73B /* OneSignalNotificationServiceExtension */,
				458BBB6420697FAD00F32C99 /* Products */,
				CD424D8059F85E6203B95A9B /* Pods */,
				C8B89A1C22F20CDDA84055B6 /* Frameworks */,
			);
			sourceTree = "<group>";
		};
		458BBB6420697FAD00F32C99 /* Products */ = {
			isa = PBXGroup;
			children = (
				458BBB6320697FAD00F32C99 /* Appella Health.app */,
				45094C212076C2AF00CBD73B /* OneSignalNotificationServiceExtension.appex */,
			);
			name = Products;
			sourceTree = "<group>";
		};
		458BBB6520697FAD00F32C99 /* Appella Health */ = {
			isa = PBXGroup;
			children = (
				45094C2F2076CBF900CBD73B /* Errors */,
				4080911E2078048300A26BC7 /* Appella Health.entitlements */,
				459B1D53206BC1AA00954B5B /* Helpers */,
				4520FA5A206A5D31006FF6A4 /* Style */,
				4576B34820699AED00839269 /* Extensions */,
				4576B343206992E100839269 /* Models */,
				4576B34020698C5900839269 /* APILayer */,
				4576B33F20698AC700839269 /* AppContract */,
				4576B32C206987DD00839269 /* Foundation */,
				458BBB7C20697FE100F32C99 /* SupportFiles */,
				458BBB7B20697FD700F32C99 /* Assets */,
				458BBB7A20697FCE00F32C99 /* Controllers */,
				458BBB7920697FC100F32C99 /* Storyboards */,
				458BBB7820697FB300F32C99 /* AppDelegate */,
			);
			path = "Appella Health";
			sourceTree = "<group>";
		};
		458BBB7820697FB300F32C99 /* AppDelegate */ = {
			isa = PBXGroup;
			children = (
				458BBB6620697FAD00F32C99 /* AppDelegate.swift */,
				458BBB822069862800F32C99 /* main.swift */,
				458BBB84206986DB00F32C99 /* AppellaHealthApplication.swift */,
			);
			path = AppDelegate;
			sourceTree = "<group>";
		};
		458BBB7920697FC100F32C99 /* Storyboards */ = {
			isa = PBXGroup;
			children = (
				458BBB6F20697FAD00F32C99 /* LaunchScreen.storyboard */,
				458BBB7D2069800700F32C99 /* Login.storyboard */,
				4520FA55206A5924006FF6A4 /* Register.storyboard */,
				4520FA5F206A804E006FF6A4 /* ForgotPassword.storyboard */,
				459B1D25206ABC6900954B5B /* Main.storyboard */,
				459B1D4E206BBB7800954B5B /* HelpDesk.storyboard */,
				459B1D5B206BD68300954B5B /* Account.storyboard */,
				459B1D6A206C0A6400954B5B /* PrivacyPolicy.storyboard */,
				452EB44F20712DF7000EFD96 /* Article.storyboard */,
				452EB45C20718072000EFD96 /* Gallery.storyboard */,
				452EB46F207263C6000EFD96 /* Photo.storyboard */,
			);
			path = Storyboards;
			sourceTree = "<group>";
		};
		458BBB7A20697FCE00F32C99 /* Controllers */ = {
			isa = PBXGroup;
			children = (
				452EB471207265D7000EFD96 /* PhotoController */,
				452EB45E207180BD000EFD96 /* GalleryController */,
				452EB4452070F8BC000EFD96 /* ArticleController */,
				459B1D6C206C0C5800954B5B /* PrivacyPolicyController */,
				459B1D5A206BD66C00954B5B /* AccountController */,
				459B1D50206BBB8900954B5B /* HelpDeskController */,
				459B1D2A206ACB7800954B5B /* SideMenuController */,
				459B1D27206AC90F00954B5B /* MainController */,
				4520FA61206A81EA006FF6A4 /* ForgotPasswordController */,
				4520FA57206A5954006FF6A4 /* RegisterController */,
				458BBB7F2069858100F32C99 /* LoginController */,
			);
			path = Controllers;
			sourceTree = "<group>";
		};
		458BBB7B20697FD700F32C99 /* Assets */ = {
			isa = PBXGroup;
			children = (
				458BBB6D20697FAD00F32C99 /* Assets.xcassets */,
				4576B351206A388E00839269 /* localizable.strings */,
			);
			path = Assets;
			sourceTree = "<group>";
		};
		458BBB7C20697FE100F32C99 /* SupportFiles */ = {
			isa = PBXGroup;
			children = (
				458BBB7220697FAD00F32C99 /* Info.plist */,
			);
			path = SupportFiles;
			sourceTree = "<group>";
		};
		458BBB7F2069858100F32C99 /* LoginController */ = {
			isa = PBXGroup;
			children = (
				458BBB802069859200F32C99 /* LoginViewController.swift */,
				4576B331206988FD00839269 /* LoginKitchen.swift */,
				4576B33B2069899D00839269 /* LoginViewState.swift */,
			);
			path = LoginController;
			sourceTree = "<group>";
		};
		459B1D27206AC90F00954B5B /* MainController */ = {
			isa = PBXGroup;
			children = (
				452EB43E206D8D7B000EFD96 /* MainView */,
				459B1D28206AC91900954B5B /* MainViewController.swift */,
				459B1D3E206B9CC400954B5B /* MainKitchen.swift */,
				452EB43F206D8D9B000EFD96 /* MainViewStateFactory.swift */,
			);
			path = MainController;
			sourceTree = "<group>";
		};
		459B1D2A206ACB7800954B5B /* SideMenuController */ = {
			isa = PBXGroup;
			children = (
				459B1D35206AD3E400954B5B /* SideMenuTableViewCell */,
				459B1D2D206ACBAB00954B5B /* SideMenuViewController.swift */,
				459B1D3C206B98C600954B5B /* SideMenuKitchen.swift */,
			);
			path = SideMenuController;
			sourceTree = "<group>";
		};
		459B1D35206AD3E400954B5B /* SideMenuTableViewCell */ = {
			isa = PBXGroup;
			children = (
				459B1D36206AD3F700954B5B /* SideMenuTableViewCell.swift */,
				459B1D37206AD3F700954B5B /* SideMenuTableViewCell.xib */,
			);
			path = SideMenuTableViewCell;
			sourceTree = "<group>";
		};
		459B1D42206BB27C00954B5B /* MainControllerTableViewCells */ = {
			isa = PBXGroup;
			children = (
				459B1D48206BB59900954B5B /* SmallTableViewCell */,
				459B1D43206BB28C00954B5B /* LargeTableViewCell */,
			);
			path = MainControllerTableViewCells;
			sourceTree = "<group>";
		};
		459B1D43206BB28C00954B5B /* LargeTableViewCell */ = {
			isa = PBXGroup;
			children = (
				459B1D44206BB2B400954B5B /* MainViewLargeTableViewCell.swift */,
				459B1D45206BB2B400954B5B /* MainViewLargeTableViewCell.xib */,
			);
			path = LargeTableViewCell;
			sourceTree = "<group>";
		};
		459B1D48206BB59900954B5B /* SmallTableViewCell */ = {
			isa = PBXGroup;
			children = (
				459B1D49206BB5B000954B5B /* MainViewSmallTableViewCell.swift */,
				459B1D4A206BB5B000954B5B /* MainViewSmallTableViewCell.xib */,
			);
			path = SmallTableViewCell;
			sourceTree = "<group>";
		};
		459B1D50206BBB8900954B5B /* HelpDeskController */ = {
			isa = PBXGroup;
			children = (
				459B1D51206BBC5500954B5B /* HelpDeskViewController.swift */,
			);
			path = HelpDeskController;
			sourceTree = "<group>";
		};
		459B1D53206BC1AA00954B5B /* Helpers */ = {
			isa = PBXGroup;
			children = (
				459B1D54206BC1C300954B5B /* PhoneCaller.swift */,
				452EB4432070465A000EFD96 /* AppellaHealthDateFormatter.swift */,
				456EE34C2073A6650088D8A9 /* ArticleConverter.swift */,
				45094C322076D11800CBD73B /* Logout.swift */,
				45BD370E2079F4F60031A978 /* DeviceInfo.swift */,
			);
			path = Helpers;
			sourceTree = "<group>";
		};
		459B1D5A206BD66C00954B5B /* AccountController */ = {
			isa = PBXGroup;
			children = (
				459B1D5F206BD87300954B5B /* AccountTableViewCell */,
				459B1D5D206BD6BA00954B5B /* AccountViewController.swift */,
				459B1D64206BED5300954B5B /* AccountKitchen.swift */,
			);
			path = AccountController;
			sourceTree = "<group>";
		};
		459B1D5F206BD87300954B5B /* AccountTableViewCell */ = {
			isa = PBXGroup;
			children = (
				459B1D60206BD88B00954B5B /* AccountTableViewCell.swift */,
				459B1D61206BD88B00954B5B /* AccountTableViewCell.xib */,
			);
			path = AccountTableViewCell;
			sourceTree = "<group>";
		};
		459B1D6C206C0C5800954B5B /* PrivacyPolicyController */ = {
			isa = PBXGroup;
			children = (
				459B1D6D206C0C7400954B5B /* PrivacyPolicyViewController.swift */,
				459B1D6F206C0CA600954B5B /* PrivacyPolicyKitchen.swift */,
			);
			path = PrivacyPolicyController;
			sourceTree = "<group>";
		};
		C8B89A1C22F20CDDA84055B6 /* Frameworks */ = {
			isa = PBXGroup;
			children = (
				35E45EFF904329191EEE1F0A /* Pods_Appella_Health.framework */,
				7EEED5A09BA954D095C6808B /* Pods_OneSignalNotificationServiceExtension.framework */,
			);
			name = Frameworks;
			sourceTree = "<group>";
		};
		CD424D8059F85E6203B95A9B /* Pods */ = {
			isa = PBXGroup;
			children = (
				2C01169C63CE1C489F51AB9D /* Pods-Appella Health.debug.xcconfig */,
				0835E132830C3DCE2BA88B13 /* Pods-Appella Health.release.xcconfig */,
				AA65BFA0E6F502BA80AA4568 /* Pods-OneSignalNotificationServiceExtension.debug.xcconfig */,
				C78600428C3519BADE01DE62 /* Pods-OneSignalNotificationServiceExtension.release.xcconfig */,
			);
			name = Pods;
			sourceTree = "<group>";
		};
/* End PBXGroup section */

/* Begin PBXNativeTarget section */
		45094C202076C2AF00CBD73B /* OneSignalNotificationServiceExtension */ = {
			isa = PBXNativeTarget;
			buildConfigurationList = 45094C2B2076C2AF00CBD73B /* Build configuration list for PBXNativeTarget "OneSignalNotificationServiceExtension" */;
			buildPhases = (
				C68C869FE4E01B67E6265F0B /* [CP] Check Pods Manifest.lock */,
				45094C1D2076C2AF00CBD73B /* Sources */,
				45094C1E2076C2AF00CBD73B /* Frameworks */,
				45094C1F2076C2AF00CBD73B /* Resources */,
				8BB447563222EB851CDA8445 /* [CP] Copy Pods Resources */,
			);
			buildRules = (
			);
			dependencies = (
			);
			name = OneSignalNotificationServiceExtension;
			productName = OneSignalNotificationServiceExtension;
			productReference = 45094C212076C2AF00CBD73B /* OneSignalNotificationServiceExtension.appex */;
			productType = "com.apple.product-type.app-extension";
		};
		458BBB6220697FAD00F32C99 /* Appella Health */ = {
			isa = PBXNativeTarget;
			buildConfigurationList = 458BBB7520697FAD00F32C99 /* Build configuration list for PBXNativeTarget "Appella Health" */;
			buildPhases = (
				96233EC1B56DD0575878A87B /* [CP] Check Pods Manifest.lock */,
				458BBB5F20697FAD00F32C99 /* Sources */,
				458BBB6020697FAD00F32C99 /* Frameworks */,
				458BBB6120697FAD00F32C99 /* Resources */,
				45094C2C2076C2AF00CBD73B /* Embed App Extensions */,
				B20A5F41D90C910CD8FCA2D3 /* [CP] Embed Pods Frameworks */,
				411A4DA7F905C6BD18C80EEF /* [CP] Copy Pods Resources */,
			);
			buildRules = (
			);
			dependencies = (
				45094C272076C2AF00CBD73B /* PBXTargetDependency */,
			);
			name = "Appella Health";
			productName = "Appella Health";
			productReference = 458BBB6320697FAD00F32C99 /* Appella Health.app */;
			productType = "com.apple.product-type.application";
		};
/* End PBXNativeTarget section */

/* Begin PBXProject section */
		458BBB5B20697FAD00F32C99 /* Project object */ = {
			isa = PBXProject;
			attributes = {
				LastSwiftUpdateCheck = 0920;
				LastUpgradeCheck = 0930;
				ORGANIZATIONNAME = VladOS;
				TargetAttributes = {
					45094C202076C2AF00CBD73B = {
						CreatedOnToolsVersion = 9.2;
						ProvisioningStyle = Automatic;
					};
					458BBB6220697FAD00F32C99 = {
						CreatedOnToolsVersion = 9.2;
						ProvisioningStyle = Automatic;
						SystemCapabilities = {
							com.apple.Push = {
								enabled = 1;
							};
						};
					};
				};
			};
			buildConfigurationList = 458BBB5E20697FAD00F32C99 /* Build configuration list for PBXProject "Appella Health" */;
			compatibilityVersion = "Xcode 8.0";
			developmentRegion = en;
			hasScannedForEncodings = 0;
			knownRegions = (
				en,
				Base,
			);
			mainGroup = 458BBB5A20697FAD00F32C99;
			productRefGroup = 458BBB6420697FAD00F32C99 /* Products */;
			projectDirPath = "";
			projectRoot = "";
			targets = (
				458BBB6220697FAD00F32C99 /* Appella Health */,
				45094C202076C2AF00CBD73B /* OneSignalNotificationServiceExtension */,
			);
		};
/* End PBXProject section */

/* Begin PBXResourcesBuildPhase section */
		45094C1F2076C2AF00CBD73B /* Resources */ = {
			isa = PBXResourcesBuildPhase;
			buildActionMask = 2147483647;
			files = (
			);
			runOnlyForDeploymentPostprocessing = 0;
		};
		458BBB6120697FAD00F32C99 /* Resources */ = {
			isa = PBXResourcesBuildPhase;
			buildActionMask = 2147483647;
			files = (
				459B1D26206ABC6900954B5B /* Main.storyboard in Resources */,
				459B1D4C206BB5B000954B5B /* MainViewSmallTableViewCell.xib in Resources */,
				458BBB7120697FAD00F32C99 /* LaunchScreen.storyboard in Resources */,
				459B1D4F206BBB7800954B5B /* HelpDesk.storyboard in Resources */,
				452EB470207263C6000EFD96 /* Photo.storyboard in Resources */,
				4576B352206A388E00839269 /* localizable.strings in Resources */,
				458BBB6E20697FAD00F32C99 /* Assets.xcassets in Resources */,
				458BBB7E2069800700F32C99 /* Login.storyboard in Resources */,
				459B1D6B206C0A6400954B5B /* PrivacyPolicy.storyboard in Resources */,
				4520FA60206A804E006FF6A4 /* ForgotPassword.storyboard in Resources */,
				4520FA56206A5924006FF6A4 /* Register.storyboard in Resources */,
				459B1D63206BD88B00954B5B /* AccountTableViewCell.xib in Resources */,
				452EB45A2071366A000EFD96 /* ArticleSectionHeader.xib in Resources */,
				456EE3482072D1760088D8A9 /* ArticleMainTableViewCell.xib in Resources */,
				459B1D39206AD3F700954B5B /* SideMenuTableViewCell.xib in Resources */,
				459B1D5C206BD68300954B5B /* Account.storyboard in Resources */,
				452EB46A20721D81000EFD96 /* GalleryViewCollectionViewCell.xib in Resources */,
				452EB45020712DF7000EFD96 /* Article.storyboard in Resources */,
				452EB45D20718072000EFD96 /* Gallery.storyboard in Resources */,
				459B1D47206BB2B400954B5B /* MainViewLargeTableViewCell.xib in Resources */,
			);
			runOnlyForDeploymentPostprocessing = 0;
		};
/* End PBXResourcesBuildPhase section */

/* Begin PBXShellScriptBuildPhase section */
		411A4DA7F905C6BD18C80EEF /* [CP] Copy Pods Resources */ = {
			isa = PBXShellScriptBuildPhase;
			buildActionMask = 2147483647;
			files = (
			);
			inputPaths = (
			);
			name = "[CP] Copy Pods Resources";
			outputPaths = (
			);
			runOnlyForDeploymentPostprocessing = 0;
			shellPath = /bin/sh;
			shellScript = "\"${SRCROOT}/Pods/Target Support Files/Pods-Appella Health/Pods-Appella Health-resources.sh\"\n";
			showEnvVarsInLog = 0;
		};
		8BB447563222EB851CDA8445 /* [CP] Copy Pods Resources */ = {
			isa = PBXShellScriptBuildPhase;
			buildActionMask = 2147483647;
			files = (
			);
			inputPaths = (
			);
			name = "[CP] Copy Pods Resources";
			outputPaths = (
			);
			runOnlyForDeploymentPostprocessing = 0;
			shellPath = /bin/sh;
			shellScript = "\"${SRCROOT}/Pods/Target Support Files/Pods-OneSignalNotificationServiceExtension/Pods-OneSignalNotificationServiceExtension-resources.sh\"\n";
			showEnvVarsInLog = 0;
		};
		96233EC1B56DD0575878A87B /* [CP] Check Pods Manifest.lock */ = {
			isa = PBXShellScriptBuildPhase;
			buildActionMask = 2147483647;
			files = (
			);
			inputPaths = (
				"${PODS_PODFILE_DIR_PATH}/Podfile.lock",
				"${PODS_ROOT}/Manifest.lock",
			);
			name = "[CP] Check Pods Manifest.lock";
			outputPaths = (
				"$(DERIVED_FILE_DIR)/Pods-Appella Health-checkManifestLockResult.txt",
			);
			runOnlyForDeploymentPostprocessing = 0;
			shellPath = /bin/sh;
			shellScript = "diff \"${PODS_PODFILE_DIR_PATH}/Podfile.lock\" \"${PODS_ROOT}/Manifest.lock\" > /dev/null\nif [ $? != 0 ] ; then\n    # print error to STDERR\n    echo \"error: The sandbox is not in sync with the Podfile.lock. Run 'pod install' or update your CocoaPods installation.\" >&2\n    exit 1\nfi\n# This output is used by Xcode 'outputs' to avoid re-running this script phase.\necho \"SUCCESS\" > \"${SCRIPT_OUTPUT_FILE_0}\"\n";
			showEnvVarsInLog = 0;
		};
		B20A5F41D90C910CD8FCA2D3 /* [CP] Embed Pods Frameworks */ = {
			isa = PBXShellScriptBuildPhase;
			buildActionMask = 2147483647;
			files = (
			);
			inputPaths = (
				"${SRCROOT}/Pods/Target Support Files/Pods-Appella Health/Pods-Appella Health-frameworks.sh",
				"${BUILT_PRODUCTS_DIR}/Alamofire/Alamofire.framework",
				"${BUILT_PRODUCTS_DIR}/BrightFutures/BrightFutures.framework",
				"${BUILT_PRODUCTS_DIR}/IQKeyboardManager/IQKeyboardManager.framework",
				"${BUILT_PRODUCTS_DIR}/Result/Result.framework",
				"${BUILT_PRODUCTS_DIR}/SDWebImage/SDWebImage.framework",
				"${BUILT_PRODUCTS_DIR}/SVProgressHUD/SVProgressHUD.framework",
				"${BUILT_PRODUCTS_DIR}/SideMenu/SideMenu.framework",
				"${BUILT_PRODUCTS_DIR}/Swinject/Swinject.framework",
				"${BUILT_PRODUCTS_DIR}/SwinjectStoryboard/SwinjectStoryboard.framework",
			);
			name = "[CP] Embed Pods Frameworks";
			outputPaths = (
				"${TARGET_BUILD_DIR}/${FRAMEWORKS_FOLDER_PATH}/Alamofire.framework",
				"${TARGET_BUILD_DIR}/${FRAMEWORKS_FOLDER_PATH}/BrightFutures.framework",
				"${TARGET_BUILD_DIR}/${FRAMEWORKS_FOLDER_PATH}/IQKeyboardManager.framework",
				"${TARGET_BUILD_DIR}/${FRAMEWORKS_FOLDER_PATH}/Result.framework",
				"${TARGET_BUILD_DIR}/${FRAMEWORKS_FOLDER_PATH}/SDWebImage.framework",
				"${TARGET_BUILD_DIR}/${FRAMEWORKS_FOLDER_PATH}/SVProgressHUD.framework",
				"${TARGET_BUILD_DIR}/${FRAMEWORKS_FOLDER_PATH}/SideMenu.framework",
				"${TARGET_BUILD_DIR}/${FRAMEWORKS_FOLDER_PATH}/Swinject.framework",
				"${TARGET_BUILD_DIR}/${FRAMEWORKS_FOLDER_PATH}/SwinjectStoryboard.framework",
			);
			runOnlyForDeploymentPostprocessing = 0;
			shellPath = /bin/sh;
			shellScript = "\"${SRCROOT}/Pods/Target Support Files/Pods-Appella Health/Pods-Appella Health-frameworks.sh\"\n";
			showEnvVarsInLog = 0;
		};
		C68C869FE4E01B67E6265F0B /* [CP] Check Pods Manifest.lock */ = {
			isa = PBXShellScriptBuildPhase;
			buildActionMask = 2147483647;
			files = (
			);
			inputPaths = (
				"${PODS_PODFILE_DIR_PATH}/Podfile.lock",
				"${PODS_ROOT}/Manifest.lock",
			);
			name = "[CP] Check Pods Manifest.lock";
			outputPaths = (
				"$(DERIVED_FILE_DIR)/Pods-OneSignalNotificationServiceExtension-checkManifestLockResult.txt",
			);
			runOnlyForDeploymentPostprocessing = 0;
			shellPath = /bin/sh;
			shellScript = "diff \"${PODS_PODFILE_DIR_PATH}/Podfile.lock\" \"${PODS_ROOT}/Manifest.lock\" > /dev/null\nif [ $? != 0 ] ; then\n    # print error to STDERR\n    echo \"error: The sandbox is not in sync with the Podfile.lock. Run 'pod install' or update your CocoaPods installation.\" >&2\n    exit 1\nfi\n# This output is used by Xcode 'outputs' to avoid re-running this script phase.\necho \"SUCCESS\" > \"${SCRIPT_OUTPUT_FILE_0}\"\n";
			showEnvVarsInLog = 0;
		};
/* End PBXShellScriptBuildPhase section */

/* Begin PBXSourcesBuildPhase section */
		45094C1D2076C2AF00CBD73B /* Sources */ = {
			isa = PBXSourcesBuildPhase;
			buildActionMask = 2147483647;
			files = (
				45094C242076C2AF00CBD73B /* NotificationService.swift in Sources */,
			);
			runOnlyForDeploymentPostprocessing = 0;
		};
		458BBB5F20697FAD00F32C99 /* Sources */ = {
			isa = PBXSourcesBuildPhase;
			buildActionMask = 2147483647;
			files = (
				4576B357206A39F600839269 /* String+Extensions.swift in Sources */,
				45094C332076D11800CBD73B /* Logout.swift in Sources */,
				459B1D75206C1A4200954B5B /* UINavigationBar+Extensions.swift in Sources */,
				452EB46E2072264C000EFD96 /* GalleryViewStateFactory.swift in Sources */,
				4576B32E206987EA00839269 /* MainAssembly.swift in Sources */,
				4576B34A20699AFB00839269 /* UserDefaults+Extensions.swift in Sources */,
				4576B3382069891500839269 /* KitchenDelegate.swift in Sources */,
				459B1D2E206ACBAB00954B5B /* SideMenuViewController.swift in Sources */,
				458BBB812069859200F32C99 /* LoginViewController.swift in Sources */,
				4520FA5E206A74CC006FF6A4 /* RegisterKitchen.swift in Sources */,
				4520FA67206A85CB006FF6A4 /* ForgotPasswordKitchen.swift in Sources */,
				4576B34C2069A36A00839269 /* Response.swift in Sources */,
				459B1D77206C1A8F00954B5B /* CAGradientLayer+Extensions.swift in Sources */,
				459B1D59206BD1C800954B5B /* RemoveBackButtonTitle.swift in Sources */,
				452EB44B207106EB000EFD96 /* ArticleViewStateFactory.swift in Sources */,
				459B1D4B206BB5B000954B5B /* MainViewSmallTableViewCell.swift in Sources */,
				452EB43B206D899A000EFD96 /* MainView.swift in Sources */,
				452EB460207180D2000EFD96 /* GalleryViewController.swift in Sources */,
				45094C312076CC1400CBD73B /* InvalidToken.swift in Sources */,
				452EB473207265F9000EFD96 /* PhotoViewController.swift in Sources */,
				452EB46920721D81000EFD96 /* GalleryViewCollectionViewCell.swift in Sources */,
				458BBB6720697FAD00F32C99 /* AppDelegate.swift in Sources */,
				4520FA63206A81FC006FF6A4 /* ForgotPasswordViewController.swift in Sources */,
				459B1D30206AD07D00954B5B /* ArticleCategory.swift in Sources */,
				4520FA65206A8257006FF6A4 /* BlueNavigationBar.swift in Sources */,
				452EB442206D8E94000EFD96 /* ArticleViewModel.swift in Sources */,
				452EB440206D8D9B000EFD96 /* MainViewStateFactory.swift in Sources */,
				459B1D41206BAFE300954B5B /* Article.swift in Sources */,
				4576B33C2069899D00839269 /* LoginViewState.swift in Sources */,
				452EB4442070465A000EFD96 /* AppellaHealthDateFormatter.swift in Sources */,
				452EB46520721CBB000EFD96 /* GalleryViewState.swift in Sources */,
				456EE3472072D1760088D8A9 /* ArticleMainTableViewCell.swift in Sources */,
				459B1D73206C12E700954B5B /* PrivacyPolicy.swift in Sources */,
				459B1D70206C0CA600954B5B /* PrivacyPolicyKitchen.swift in Sources */,
				458BBB85206986DB00F32C99 /* AppellaHealthApplication.swift in Sources */,
				459B1D46206BB2B400954B5B /* MainViewLargeTableViewCell.swift in Sources */,
				452EB4472070F8D7000EFD96 /* ArticleViewController.swift in Sources */,
				459B1D3D206B98C600954B5B /* SideMenuKitchen.swift in Sources */,
				459B1D38206AD3F700954B5B /* SideMenuTableViewCell.swift in Sources */,
				4520FA59206A596A006FF6A4 /* RegisterViewController.swift in Sources */,
				4576B33A2069891500839269 /* Optional+AppellaHealth.swift in Sources */,
				452EB44E2071072B000EFD96 /* ArticleViewState.swift in Sources */,
				452EB46320718102000EFD96 /* GalleryView.swift in Sources */,
				459B1D6E206C0C7400954B5B /* PrivacyPolicyViewController.swift in Sources */,
				4576B34220698C6800839269 /* AlamofireNetworkManager.swift in Sources */,
				459B1D3F206B9CC400954B5B /* MainKitchen.swift in Sources */,
				452EB43D206D8D59000EFD96 /* MainViewState.swift in Sources */,
				459B1D52206BBC5500954B5B /* HelpDeskViewController.swift in Sources */,
				459B1D5E206BD6BA00954B5B /* AccountViewController.swift in Sources */,
				4576B345206992F300839269 /* User.swift in Sources */,
				4576B3392069891500839269 /* Resolver+AppellaHealth.swift in Sources */,
				4576B350206A378D00839269 /* UIView+Extensions.swift in Sources */,
				4576B332206988FD00839269 /* LoginKitchen.swift in Sources */,
				4576B3472069979D00839269 /* AnyError.swift in Sources */,
				458BBB832069862800F32C99 /* main.swift in Sources */,
				4576B3372069891500839269 /* Kitchen.swift in Sources */,
				459B1D65206BED5300954B5B /* AccountKitchen.swift in Sources */,
				4520FA5C206A5D3F006FF6A4 /* AppellaHealthColors.swift in Sources */,
				456EE34A20738B8C0088D8A9 /* UserInfo.swift in Sources */,
				45094C2E2076CAA200CBD73B /* ErrorHandler.swift in Sources */,
				459B1D29206AC91900954B5B /* MainViewController.swift in Sources */,
				452EB46C2072257F000EFD96 /* GalleryKitchen.swift in Sources */,
				4576B33E20698AA900839269 /* AppContract.swift in Sources */,
				456EE34D2073A6650088D8A9 /* ArticleConverter.swift in Sources */,
				452EB4492070F904000EFD96 /* ArticleKitchen.swift in Sources */,
				4576B330206988C700839269 /* BaseViewController.swift in Sources */,
				459B1D62206BD88B00954B5B /* AccountTableViewCell.swift in Sources */,
				452EB45220712E15000EFD96 /* ArticleView.swift in Sources */,
				459B1D57206BC96100954B5B /* UIStoryboard+Extensions.swift in Sources */,
				459B1D55206BC1C300954B5B /* PhoneCaller.swift in Sources */,
				459B1D79206C206400954B5B /* AddLabelToRightBarItem.swift in Sources */,
				452EB4592071366A000EFD96 /* ArticleSectionHeader.swift in Sources */,
				45BD370F2079F4F60031A978 /* DeviceInfo.swift in Sources */,
			);
			runOnlyForDeploymentPostprocessing = 0;
		};
/* End PBXSourcesBuildPhase section */

/* Begin PBXTargetDependency section */
		45094C272076C2AF00CBD73B /* PBXTargetDependency */ = {
			isa = PBXTargetDependency;
			target = 45094C202076C2AF00CBD73B /* OneSignalNotificationServiceExtension */;
			targetProxy = 45094C262076C2AF00CBD73B /* PBXContainerItemProxy */;
		};
/* End PBXTargetDependency section */

/* Begin PBXVariantGroup section */
		458BBB6F20697FAD00F32C99 /* LaunchScreen.storyboard */ = {
			isa = PBXVariantGroup;
			children = (
				458BBB7020697FAD00F32C99 /* Base */,
			);
			name = LaunchScreen.storyboard;
			sourceTree = "<group>";
		};
/* End PBXVariantGroup section */

/* Begin XCBuildConfiguration section */
		45094C292076C2AF00CBD73B /* Debug */ = {
			isa = XCBuildConfiguration;
			baseConfigurationReference = AA65BFA0E6F502BA80AA4568 /* Pods-OneSignalNotificationServiceExtension.debug.xcconfig */;
			buildSettings = {
				CODE_SIGN_STYLE = Automatic;
				DEVELOPMENT_TEAM = 9S824GTX6A;
				INFOPLIST_FILE = OneSignalNotificationServiceExtension/Info.plist;
				LD_RUNPATH_SEARCH_PATHS = "$(inherited) @executable_path/Frameworks @executable_path/../../Frameworks";
				PRODUCT_BUNDLE_IDENTIFIER = com.app.appllahealth.OneSignalNotificationServiceExtension;
				PRODUCT_NAME = "$(TARGET_NAME)";
				SKIP_INSTALL = YES;
				SWIFT_VERSION = 4.0;
				TARGETED_DEVICE_FAMILY = "1,2";
			};
			name = Debug;
		};
		45094C2A2076C2AF00CBD73B /* Release */ = {
			isa = XCBuildConfiguration;
			baseConfigurationReference = C78600428C3519BADE01DE62 /* Pods-OneSignalNotificationServiceExtension.release.xcconfig */;
			buildSettings = {
				CODE_SIGN_STYLE = Automatic;
				DEVELOPMENT_TEAM = 9S824GTX6A;
				INFOPLIST_FILE = OneSignalNotificationServiceExtension/Info.plist;
				LD_RUNPATH_SEARCH_PATHS = "$(inherited) @executable_path/Frameworks @executable_path/../../Frameworks";
				PRODUCT_BUNDLE_IDENTIFIER = com.app.appllahealth.OneSignalNotificationServiceExtension;
				PRODUCT_NAME = "$(TARGET_NAME)";
				SKIP_INSTALL = YES;
				SWIFT_VERSION = 4.0;
				TARGETED_DEVICE_FAMILY = "1,2";
			};
			name = Release;
		};
		458BBB7320697FAD00F32C99 /* Debug */ = {
			isa = XCBuildConfiguration;
			buildSettings = {
				ALWAYS_SEARCH_USER_PATHS = NO;
				CLANG_ANALYZER_NONNULL = YES;
				CLANG_ANALYZER_NUMBER_OBJECT_CONVERSION = YES_AGGRESSIVE;
				CLANG_CXX_LANGUAGE_STANDARD = "gnu++14";
				CLANG_CXX_LIBRARY = "libc++";
				CLANG_ENABLE_MODULES = YES;
				CLANG_ENABLE_OBJC_ARC = YES;
				CLANG_WARN_BLOCK_CAPTURE_AUTORELEASING = YES;
				CLANG_WARN_BOOL_CONVERSION = YES;
				CLANG_WARN_COMMA = YES;
				CLANG_WARN_CONSTANT_CONVERSION = YES;
				CLANG_WARN_DEPRECATED_OBJC_IMPLEMENTATIONS = YES;
				CLANG_WARN_DIRECT_OBJC_ISA_USAGE = YES_ERROR;
				CLANG_WARN_DOCUMENTATION_COMMENTS = YES;
				CLANG_WARN_EMPTY_BODY = YES;
				CLANG_WARN_ENUM_CONVERSION = YES;
				CLANG_WARN_INFINITE_RECURSION = YES;
				CLANG_WARN_INT_CONVERSION = YES;
				CLANG_WARN_NON_LITERAL_NULL_CONVERSION = YES;
				CLANG_WARN_OBJC_IMPLICIT_RETAIN_SELF = YES;
				CLANG_WARN_OBJC_LITERAL_CONVERSION = YES;
				CLANG_WARN_OBJC_ROOT_CLASS = YES_ERROR;
				CLANG_WARN_RANGE_LOOP_ANALYSIS = YES;
				CLANG_WARN_STRICT_PROTOTYPES = YES;
				CLANG_WARN_SUSPICIOUS_MOVE = YES;
				CLANG_WARN_UNGUARDED_AVAILABILITY = YES_AGGRESSIVE;
				CLANG_WARN_UNREACHABLE_CODE = YES;
				CLANG_WARN__DUPLICATE_METHOD_MATCH = YES;
				CODE_SIGN_IDENTITY = "iPhone Developer";
				COPY_PHASE_STRIP = NO;
				DEBUG_INFORMATION_FORMAT = dwarf;
				ENABLE_STRICT_OBJC_MSGSEND = YES;
				ENABLE_TESTABILITY = YES;
				GCC_C_LANGUAGE_STANDARD = gnu11;
				GCC_DYNAMIC_NO_PIC = NO;
				GCC_NO_COMMON_BLOCKS = YES;
				GCC_OPTIMIZATION_LEVEL = 0;
				GCC_PREPROCESSOR_DEFINITIONS = (
					"DEBUG=1",
					"$(inherited)",
				);
				GCC_WARN_64_TO_32_BIT_CONVERSION = YES;
				GCC_WARN_ABOUT_RETURN_TYPE = YES_ERROR;
				GCC_WARN_UNDECLARED_SELECTOR = YES;
				GCC_WARN_UNINITIALIZED_AUTOS = YES_AGGRESSIVE;
				GCC_WARN_UNUSED_FUNCTION = YES;
				GCC_WARN_UNUSED_VARIABLE = YES;
				IPHONEOS_DEPLOYMENT_TARGET = 10.0;
				MTL_ENABLE_DEBUG_INFO = YES;
				ONLY_ACTIVE_ARCH = YES;
				SDKROOT = iphoneos;
				SWIFT_ACTIVE_COMPILATION_CONDITIONS = DEBUG;
				SWIFT_OPTIMIZATION_LEVEL = "-Onone";
			};
			name = Debug;
		};
		458BBB7420697FAD00F32C99 /* Release */ = {
			isa = XCBuildConfiguration;
			buildSettings = {
				ALWAYS_SEARCH_USER_PATHS = NO;
				CLANG_ANALYZER_NONNULL = YES;
				CLANG_ANALYZER_NUMBER_OBJECT_CONVERSION = YES_AGGRESSIVE;
				CLANG_CXX_LANGUAGE_STANDARD = "gnu++14";
				CLANG_CXX_LIBRARY = "libc++";
				CLANG_ENABLE_MODULES = YES;
				CLANG_ENABLE_OBJC_ARC = YES;
				CLANG_WARN_BLOCK_CAPTURE_AUTORELEASING = YES;
				CLANG_WARN_BOOL_CONVERSION = YES;
				CLANG_WARN_COMMA = YES;
				CLANG_WARN_CONSTANT_CONVERSION = YES;
				CLANG_WARN_DEPRECATED_OBJC_IMPLEMENTATIONS = YES;
				CLANG_WARN_DIRECT_OBJC_ISA_USAGE = YES_ERROR;
				CLANG_WARN_DOCUMENTATION_COMMENTS = YES;
				CLANG_WARN_EMPTY_BODY = YES;
				CLANG_WARN_ENUM_CONVERSION = YES;
				CLANG_WARN_INFINITE_RECURSION = YES;
				CLANG_WARN_INT_CONVERSION = YES;
				CLANG_WARN_NON_LITERAL_NULL_CONVERSION = YES;
				CLANG_WARN_OBJC_IMPLICIT_RETAIN_SELF = YES;
				CLANG_WARN_OBJC_LITERAL_CONVERSION = YES;
				CLANG_WARN_OBJC_ROOT_CLASS = YES_ERROR;
				CLANG_WARN_RANGE_LOOP_ANALYSIS = YES;
				CLANG_WARN_STRICT_PROTOTYPES = YES;
				CLANG_WARN_SUSPICIOUS_MOVE = YES;
				CLANG_WARN_UNGUARDED_AVAILABILITY = YES_AGGRESSIVE;
				CLANG_WARN_UNREACHABLE_CODE = YES;
				CLANG_WARN__DUPLICATE_METHOD_MATCH = YES;
				CODE_SIGN_IDENTITY = "iPhone Developer";
				COPY_PHASE_STRIP = NO;
				DEBUG_INFORMATION_FORMAT = "dwarf-with-dsym";
				ENABLE_NS_ASSERTIONS = NO;
				ENABLE_STRICT_OBJC_MSGSEND = YES;
				GCC_C_LANGUAGE_STANDARD = gnu11;
				GCC_NO_COMMON_BLOCKS = YES;
				GCC_WARN_64_TO_32_BIT_CONVERSION = YES;
				GCC_WARN_ABOUT_RETURN_TYPE = YES_ERROR;
				GCC_WARN_UNDECLARED_SELECTOR = YES;
				GCC_WARN_UNINITIALIZED_AUTOS = YES_AGGRESSIVE;
				GCC_WARN_UNUSED_FUNCTION = YES;
				GCC_WARN_UNUSED_VARIABLE = YES;
				IPHONEOS_DEPLOYMENT_TARGET = 10.0;
				MTL_ENABLE_DEBUG_INFO = NO;
				SDKROOT = iphoneos;
				SWIFT_OPTIMIZATION_LEVEL = "-Owholemodule";
				VALIDATE_PRODUCT = YES;
			};
			name = Release;
		};
		458BBB7620697FAD00F32C99 /* Debug */ = {
			isa = XCBuildConfiguration;
			baseConfigurationReference = 2C01169C63CE1C489F51AB9D /* Pods-Appella Health.debug.xcconfig */;
			buildSettings = {
				ALWAYS_EMBED_SWIFT_STANDARD_LIBRARIES = YES;
				ASSETCATALOG_COMPILER_APPICON_NAME = AppIcon;
				CODE_SIGN_ENTITLEMENTS = "Appella Health/Appella Health.entitlements";
				CODE_SIGN_STYLE = Automatic;
				DEVELOPMENT_TEAM = 9S824GTX6A;
				INFOPLIST_FILE = "Appella Health/SupportFiles/Info.plist";
				IPHONEOS_DEPLOYMENT_TARGET = 10.0;
				LD_RUNPATH_SEARCH_PATHS = "$(inherited) @executable_path/Frameworks";
				PRODUCT_BUNDLE_IDENTIFIER = com.app.appllahealth;
				PRODUCT_NAME = "$(TARGET_NAME)";
				SWIFT_VERSION = 4.0;
				TARGETED_DEVICE_FAMILY = "1,2";
			};
			name = Debug;
		};
		458BBB7720697FAD00F32C99 /* Release */ = {
			isa = XCBuildConfiguration;
			baseConfigurationReference = 0835E132830C3DCE2BA88B13 /* Pods-Appella Health.release.xcconfig */;
			buildSettings = {
				ALWAYS_EMBED_SWIFT_STANDARD_LIBRARIES = YES;
				ASSETCATALOG_COMPILER_APPICON_NAME = AppIcon;
				CODE_SIGN_ENTITLEMENTS = "Appella Health/Appella Health.entitlements";
				CODE_SIGN_STYLE = Automatic;
				DEVELOPMENT_TEAM = 9S824GTX6A;
				INFOPLIST_FILE = "Appella Health/SupportFiles/Info.plist";
				IPHONEOS_DEPLOYMENT_TARGET = 10.0;
				LD_RUNPATH_SEARCH_PATHS = "$(inherited) @executable_path/Frameworks";
				PRODUCT_BUNDLE_IDENTIFIER = com.app.appllahealth;
				PRODUCT_NAME = "$(TARGET_NAME)";
				SWIFT_VERSION = 4.0;
				TARGETED_DEVICE_FAMILY = "1,2";
			};
			name = Release;
		};
/* End XCBuildConfiguration section */

/* Begin XCConfigurationList section */
		45094C2B2076C2AF00CBD73B /* Build configuration list for PBXNativeTarget "OneSignalNotificationServiceExtension" */ = {
			isa = XCConfigurationList;
			buildConfigurations = (
				45094C292076C2AF00CBD73B /* Debug */,
				45094C2A2076C2AF00CBD73B /* Release */,
			);
			defaultConfigurationIsVisible = 0;
			defaultConfigurationName = Release;
		};
		458BBB5E20697FAD00F32C99 /* Build configuration list for PBXProject "Appella Health" */ = {
			isa = XCConfigurationList;
			buildConfigurations = (
				458BBB7320697FAD00F32C99 /* Debug */,
				458BBB7420697FAD00F32C99 /* Release */,
			);
			defaultConfigurationIsVisible = 0;
			defaultConfigurationName = Release;
		};
		458BBB7520697FAD00F32C99 /* Build configuration list for PBXNativeTarget "Appella Health" */ = {
			isa = XCConfigurationList;
			buildConfigurations = (
				458BBB7620697FAD00F32C99 /* Debug */,
				458BBB7720697FAD00F32C99 /* Release */,
			);
			defaultConfigurationIsVisible = 0;
			defaultConfigurationName = Release;
		};
/* End XCConfigurationList section */
	};
	rootObject = 458BBB5B20697FAD00F32C99 /* Project object */;
}
